
Microsoft Visual Studio Solution File, Format Version 12.00
# Visual Studio 15
VisualStudioVersion = 15.0.28010.2048
MinimumVisualStudioVersion = 10.0.40219.1
Project("{FAE04EC0-301F-11D3-BF4B-00C04F79EFBC}") = "DecoratorApi", "DecoratorApi\DecoratorApi.csproj", "{537007E1-21D3-4770-AF80-0D7CACC4B20B}"
EndProject
Global
	GlobalSection(SolutionConfigurationPlatforms) = preSolution
		Debug|Any CPU = Debug|Any CPU
		Release|Any CPU = Release|Any CPU
	EndGlobalSection
	GlobalSection(ProjectConfigurationPlatforms) = postSolution
		{537007E1-21D3-4770-AF80-0D7CACC4B20B}.Debug|Any CPU.ActiveCfg = Debug|Any CPU
		{537007E1-21D3-4770-AF80-0D7CACC4B20B}.Debug|Any CPU.Build.0 = Debug|Any CPU
		{537007E1-21D3-4770-AF80-0D7CACC4B20B}.Release|Any CPU.ActiveCfg = Release|Any CPU
		{537007E1-21D3-4770-AF80-0D7CACC4B20B}.Release|Any CPU.Build.0 = Release|Any CPU
	EndGlobalSection
	GlobalSection(SolutionProperties) = preSolution
		HideSolutionNode = FALSE
	EndGlobalSection
	GlobalSection(ExtensibilityGlobals) = postSolution
		SolutionGuid = {E603F510-B24B-463D-A2DA-8E0C10418EB0}
	EndGlobalSection
EndGlobal
